// !$*UTF8*$!
{
	archiveVersion = 1;
	classes = {
	};
	objectVersion = 46;
	objects = {

/* Begin PBXBuildFile section */
		8F2C98311E55EEBE0051D71E /* AppDelegate.swift in Sources */ = {isa = PBXBuildFile; fileRef = 8F2C98301E55EEBE0051D71E /* AppDelegate.swift */; };
		8F2C98331E55EEBE0051D71E /* ViewController.swift in Sources */ = {isa = PBXBuildFile; fileRef = 8F2C98321E55EEBE0051D71E /* ViewController.swift */; };
		8F2C98361E55EEBE0051D71E /* Main.storyboard in Resources */ = {isa = PBXBuildFile; fileRef = 8F2C98341E55EEBE0051D71E /* Main.storyboard */; };
		8F2C98381E55EEBE0051D71E /* Assets.xcassets in Resources */ = {isa = PBXBuildFile; fileRef = 8F2C98371E55EEBE0051D71E /* Assets.xcassets */; };
		8F2C983B1E55EEBE0051D71E /* LaunchScreen.storyboard in Resources */ = {isa = PBXBuildFile; fileRef = 8F2C98391E55EEBE0051D71E /* LaunchScreen.storyboard */; };
		8F2C984B1E55F94E0051D71E /* Extensions.swift in Sources */ = {isa = PBXBuildFile; fileRef = 8F2C984A1E55F94E0051D71E /* Extensions.swift */; };
/* End PBXBuildFile section */

/* Begin PBXFileReference section */
		8F2C982D1E55EEBE0051D71E /* playingWithCollections.app */ = {isa = PBXFileReference; explicitFileType = wrapper.application; includeInIndex = 0; path = playingWithCollections.app; sourceTree = BUILT_PRODUCTS_DIR; };
		8F2C98301E55EEBE0051D71E /* AppDelegate.swift */ = {isa = PBXFileReference; lastKnownFileType = sourcecode.swift; path = AppDelegate.swift; sourceTree = "<group>"; };
		8F2C98321E55EEBE0051D71E /* ViewController.swift */ = {isa = PBXFileReference; lastKnownFileType = sourcecode.swift; path = ViewController.swift; sourceTree = "<group>"; };
		8F2C98351E55EEBE0051D71E /* Base */ = {isa = PBXFileReference; lastKnownFileType = file.storyboard; name = Base; path = Base.lproj/Main.storyboard; sourceTree = "<group>"; };
		8F2C98371E55EEBE0051D71E /* Assets.xcassets */ = {isa = PBXFileReference; lastKnownFileType = folder.assetcatalog; path = Assets.xcassets; sourceTree = "<group>"; };
		8F2C983A1E55EEBE0051D71E /* Base */ = {isa = PBXFileReference; lastKnownFileType = file.storyboard; name = Base; path = Base.lproj/LaunchScreen.storyboard; sourceTree = "<group>"; };
		8F2C983C1E55EEBE0051D71E /* Info.plist */ = {isa = PBXFileReference; lastKnownFileType = text.plist.xml; path = Info.plist; sourceTree = "<group>"; };
		8F2C984A1E55F94E0051D71E /* Extensions.swift */ = {isa = PBXFileReference; fileEncoding = 4; lastKnownFileType = sourcecode.swift; path = Extensions.swift; sourceTree = "<group>"; };
/* End PBXFileReference section */

/* Begin PBXFrameworksBuildPhase section */
		8F2C982A1E55EEBD0051D71E /* Frameworks */ = {
			isa = PBXFrameworksBuildPhase;
			buildActionMask = 2147483647;
			files = (
			);
			runOnlyForDeploymentPostprocessing = 0;
		};
/* End PBXFrameworksBuildPhase section */

/* Begin PBXGroup section */
		8F2C98241E55EEBD0051D71E = {
			isa = PBXGroup;
			children = (
				8F2C982F1E55EEBE0051D71E /* playingWithCollections */,
				8F2C982E1E55EEBE0051D71E /* Products */,
			);
			sourceTree = "<group>";
		};
		8F2C982E1E55EEBE0051D71E /* Products */ = {
			isa = PBXGroup;
			children = (
				8F2C982D1E55EEBE0051D71E /* playingWithCollections.app */,
			);
			name = Products;
			sourceTree = "<group>";
		};
		8F2C982F1E55EEBE0051D71E /* playingWithCollections */ = {
			isa = PBXGroup;
			children = (
				8F2C98301E55EEBE0051D71E /* AppDelegate.swift */,
				8F2C98321E55EEBE0051D71E /* ViewController.swift */,
				8F2C984A1E55F94E0051D71E /* Extensions.swift */,
				8F2C98341E55EEBE0051D71E /* Main.storyboard */,
				8F2C98371E55EEBE0051D71E /* Assets.xcassets */,
				8F2C98391E55EEBE0051D71E /* LaunchScreen.storyboard */,
				8F2C983C1E55EEBE0051D71E /* Info.plist */,
			);
			path = playingWithCollections;
			sourceTree = "<group>";
		};
/* End PBXGroup section */

/* Begin PBXNativeTarget section */
		8F2C982C1E55EEBD0051D71E /* playingWithCollections */ = {
			isa = PBXNativeTarget;
			buildConfigurationList = 8F2C983F1E55EEBE0051D71E /* Build configuration list for PBXNativeTarget "playingWithCollections" */;
			buildPhases = (
				8F2C98291E55EEBD0051D71E /* Sources */,
				8F2C982A1E55EEBD0051D71E /* Frameworks */,
				8F2C982B1E55EEBD0051D71E /* Resources */,
			);
			buildRules = (
			);
			dependencies = (
			);
			name = playingWithCollections;
			productName = playingWithCollections;
			productReference = 8F2C982D1E55EEBE0051D71E /* playingWithCollections.app */;
			productType = "com.apple.product-type.application";
		};
/* End PBXNativeTarget section */

/* Begin PBXProject section */
		8F2C98251E55EEBD0051D71E /* Project object */ = {
			isa = PBXProject;
			attributes = {
				LastSwiftUpdateCheck = 0820;
				LastUpgradeCheck = 0820;
				ORGANIZATIONNAME = "Johann Kerr";
				TargetAttributes = {
					8F2C982C1E55EEBD0051D71E = {
						CreatedOnToolsVersion = 8.2.1;
						DevelopmentTeam = WNAGBXF4G9;
						ProvisioningStyle = Automatic;
					};
				};
			};
			buildConfigurationList = 8F2C98281E55EEBD0051D71E /* Build configuration list for PBXProject "playingWithCollections" */;
			compatibilityVersion = "Xcode 3.2";
			developmentRegion = English;
			hasScannedForEncodings = 0;
			knownRegions = (
				en,
				Base,
			);
			mainGroup = 8F2C98241E55EEBD0051D71E;
			productRefGroup = 8F2C982E1E55EEBE0051D71E /* Products */;
			projectDirPath = "";
			projectRoot = "";
			targets = (
				8F2C982C1E55EEBD0051D71E /* playingWithCollections */,
			);
		};
/* End PBXProject section */

/* Begin PBXResourcesBuildPhase section */
		8F2C982B1E55EEBD0051D71E /* Resources */ = {
			isa = PBXResourcesBuildPhase;
			buildActionMask = 2147483647;
			files = (
				8F2C983B1E55EEBE0051D71E /* LaunchScreen.storyboard in Resources */,
				8F2C98381E55EEBE0051D71E /* Assets.xcassets in Resources */,
				8F2C98361E55EEBE0051D71E /* Main.storyboard in Resources */,
			);
			runOnlyForDeploymentPostprocessing = 0;
		};
/* End PBXResourcesBuildPhase section */

/* Begin PBXSourcesBuildPhase section */
		8F2C98291E55EEBD0051D71E /* Sources */ = {
			isa = PBXSourcesBuildPhase;
			buildActionMask = 2147483647;
			files = (
				8F2C984B1E55F94E0051D71E /* Extensions.swift in Sources */,
				8F2C98331E55EEBE0051D71E /* ViewController.swift in Sources */,
				8F2C98311E55EEBE0051D71E /* AppDelegate.swift in Sources */,
			);
			runOnlyForDeploymentPostprocessing = 0;
		};
/* End PBXSourcesBuildPhase section */

/* Begin PBXVariantGroup section */
		8F2C98341E55EEBE0051D71E /* Main.storyboard */ = {
			isa = PBXVariantGroup;
			children = (
				8F2C98351E55EEBE0051D71E /* Base */,
			);
			name = Main.storyboard;
			sourceTree = "<group>";
		};
		8F2C98391E55EEBE0051D71E /* LaunchScreen.storyboard */ = {
			isa = PBXVariantGroup;
			children = (
				8F2C983A1E55EEBE0051D71E /* Base */,
			);
			name = LaunchScreen.storyboard;
			sourceTree = "<group>";
		};
/* End PBXVariantGroup section */

/* Begin XCBuildConfiguration section */
		8F2C983D1E55EEBE0051D71E /* Debug */ = {
			isa = XCBuildConfiguration;
			buildSettings = {
				ALWAYS_SEARCH_USER_PATHS = NO;
				CLANG_ANALYZER_NONNULL = YES;
				CLANG_CXX_LANGUAGE_STANDARD = "gnu++0x";
				CLANG_CXX_LIBRARY = "libc++";
				CLANG_ENABLE_MODULES = YES;
				CLANG_ENABLE_OBJC_ARC = YES;
				CLANG_WARN_BOOL_CONVERSION = YES;
				CLANG_WARN_CONSTANT_CONVERSION = YES;
				CLANG_WARN_DIRECT_OBJC_ISA_USAGE = YES_ERROR;
				CLANG_WARN_DOCUMENTATION_COMMENTS = YES;
				CLANG_WARN_EMPTY_BODY = YES;
				CLANG_WARN_ENUM_CONVERSION = YES;
				CLANG_WARN_INFINITE_RECURSION = YES;
				CLANG_WARN_INT_CONVERSION = YES;
				CLANG_WARN_OBJC_ROOT_CLASS = YES_ERROR;
				CLANG_WARN_SUSPICIOUS_MOVE = YES;
				CLANG_WARN_UNREACHABLE_CODE = YES;
				CLANG_WARN__DUPLICATE_METHOD_MATCH = YES;
				"CODE_SIGN_IDENTITY[sdk=iphoneos*]" = "iPhone Developer";
				COPY_PHASE_STRIP = NO;
				DEBUG_INFORMATION_FORMAT = dwarf;
				ENABLE_STRICT_OBJC_MSGSEND = YES;
				ENABLE_TESTABILITY = YES;
				GCC_C_LANGUAGE_STANDARD = gnu99;
				GCC_DYNAMIC_NO_PIC = NO;
				GCC_NO_COMMON_BLOCKS = YES;
				GCC_OPTIMIZATION_LEVEL = 0;
				GCC_PREPROCESSOR_DEFINITIONS = (
					"DEBUG=1",
					"$(inherited)",
				);
				GCC_WARN_64_TO_32_BIT_CONVERSION = YES;
				GCC_WARN_ABOUT_RETURN_TYPE = YES_ERROR;
				GCC_WARN_UNDECLARED_SELECTOR = YES;
				GCC_WARN_UNINITIALIZED_AUTOS = YES_AGGRESSIVE;
				GCC_WARN_UNUSED_FUNCTION = YES;
				GCC_WARN_UNUSED_VARIABLE = YES;
				IPHONEOS_DEPLOYMENT_TARGET = 10.2;
				MTL_ENABLE_DEBUG_INFO = YES;
				ONLY_ACTIVE_ARCH = YES;
				SDKROOT = iphoneos;
				SWIFT_ACTIVE_COMPILATION_CONDITIONS = DEBUG;
				SWIFT_OPTIMIZATION_LEVEL = "-Onone";
			};
			name = Debug;
		};
		8F2C983E1E55EEBE0051D71E /* Release */ = {
			isa = XCBuildConfiguration;
			buildSettings = {
				ALWAYS_SEARCH_USER_PATHS = NO;
				CLANG_ANALYZER_NONNULL = YES;
				CLANG_CXX_LANGUAGE_STANDARD = "gnu++0x";
				CLANG_CXX_LIBRARY = "libc++";
				CLANG_ENABLE_MODULES = YES;
				CLANG_ENABLE_OBJC_ARC = YES;
				CLANG_WARN_BOOL_CONVERSION = YES;
				CLANG_WARN_CONSTANT_CONVERSION = YES;
				CLANG_WARN_DIRECT_OBJC_ISA_USAGE = YES_ERROR;
				CLANG_WARN_DOCUMENTATION_COMMENTS = YES;
				CLANG_WARN_EMPTY_BODY = YES;
				CLANG_WARN_ENUM_CONVERSION = YES;
				CLANG_WARN_INFINITE_RECURSION = YES;
				CLANG_WARN_INT_CONVERSION = YES;
				CLANG_WARN_OBJC_ROOT_CLASS = YES_ERROR;
				CLANG_WARN_SUSPICIOUS_MOVE = YES;
				CLANG_WARN_UNREACHABLE_CODE = YES;
				CLANG_WARN__DUPLICATE_METHOD_MATCH = YES;
				"CODE_SIGN_IDENTITY[sdk=iphoneos*]" = "iPhone Developer";
				COPY_PHASE_STRIP = NO;
				DEBUG_INFORMATION_FORMAT = "dwarf-with-dsym";
				ENABLE_NS_ASSERTIONS = NO;
				ENABLE_STRICT_OBJC_MSGSEND = YES;
				GCC_C_LANGUAGE_STANDARD = gnu99;
				GCC_NO_COMMON_BLOCKS = YES;
				GCC_WARN_64_TO_32_BIT_CONVERSION = YES;
				GCC_WARN_ABOUT_RETURN_TYPE = YES_ERROR;
				GCC_WARN_UNDECLARED_SELECTOR = YES;
				GCC_WARN_UNINITIALIZED_AUTOS = YES_AGGRESSIVE;
				GCC_WARN_UNUSED_FUNCTION = YES;
				GCC_WARN_UNUSED_VARIABLE = YES;
				IPHONEOS_DEPLOYMENT_TARGET = 10.2;
				MTL_ENABLE_DEBUG_INFO = NO;
				SDKROOT = iphoneos;
				SWIFT_OPTIMIZATION_LEVEL = "-Owholemodule";
				VALIDATE_PRODUCT = YES;
			};
			name = Release;
		};
		8F2C98401E55EEBE0051D71E /* Debug */ = {
			isa = XCBuildConfiguration;
			buildSettings = {
				ASSETCATALOG_COMPILER_APPICON_NAME = AppIcon;
				DEVELOPMENT_TEAM = WNAGBXF4G9;
				INFOPLIST_FILE = playingWithCollections/Info.plist;
				LD_RUNPATH_SEARCH_PATHS = "$(inherited) @executable_path/Frameworks";
				PRODUCT_BUNDLE_IDENTIFIER = com.johannkerr.playingWithCollections;
				PRODUCT_NAME = "$(TARGET_NAME)";
				SWIFT_VERSION = 3.0;
			};
			name = Debug;
		};
		8F2C98411E55EEBE0051D71E /* Release */ = {
			isa = XCBuildConfiguration;
			buildSettings = {
				ASSETCATALOG_COMPILER_APPICON_NAME = AppIcon;
				DEVELOPMENT_TEAM = WNAGBXF4G9;
				INFOPLIST_FILE = playingWithCollections/Info.plist;
				LD_RUNPATH_SEARCH_PATHS = "$(inherited) @executable_path/Frameworks";
				PRODUCT_BUNDLE_IDENTIFIER = com.johannkerr.playingWithCollections;
				PRODUCT_NAME = "$(TARGET_NAME)";
				SWIFT_VERSION = 3.0;
			};
			name = Release;
		};
/* End XCBuildConfiguration section */

/* Begin XCConfigurationList section */
		8F2C98281E55EEBD0051D71E /* Build configuration list for PBXProject "playingWithCollections" */ = {
			isa = XCConfigurationList;
			buildConfigurations = (
				8F2C983D1E55EEBE0051D71E /* Debug */,
				8F2C983E1E55EEBE0051D71E /* Release */,
			);
			defaultConfigurationIsVisible = 0;
			defaultConfigurationName = Release;
		};
		8F2C983F1E55EEBE0051D71E /* Build configuration list for PBXNativeTarget "playingWithCollections" */ = {
			isa = XCConfigurationList;
			buildConfigurations = (
				8F2C98401E55EEBE0051D71E /* Debug */,
				8F2C98411E55EEBE0051D71E /* Release */,
			);
			defaultConfigurationIsVisible = 0;
		};
/* End XCConfigurationList section */
	};
	rootObject = 8F2C98251E55EEBD0051D71E /* Project object */;
}
